
Microsoft Visual Studio Solution File, Format Version 12.00
# Visual Studio Version 17
VisualStudioVersion = 17.8.34330.188
MinimumVisualStudioVersion = 10.0.40219.1
Project("{FAE04EC0-301F-11D3-BF4B-00C04F79EFBC}") = "Delegate Olayı", "Delegate Olayı\Delegate Olayı.csproj", "{81DBFFDE-E2AB-422B-BC61-1756A57BCE5C}"
EndProject
Global
	GlobalSection(SolutionConfigurationPlatforms) = preSolution
		Debug|Any CPU = Debug|Any CPU
		Release|Any CPU = Release|Any CPU
	EndGlobalSection
	GlobalSection(ProjectConfigurationPlatforms) = postSolution
		{81DBFFDE-E2AB-422B-BC61-1756A57BCE5C}.Debug|Any CPU.ActiveCfg = Debug|Any CPU
		{81DBFFDE-E2AB-422B-BC61-1756A57BCE5C}.Debug|Any CPU.Build.0 = Debug|Any CPU
		{81DBFFDE-E2AB-422B-BC61-1756A57BCE5C}.Release|Any CPU.ActiveCfg = Release|Any CPU
		{81DBFFDE-E2AB-422B-BC61-1756A57BCE5C}.Release|Any CPU.Build.0 = Release|Any CPU
	EndGlobalSection
	GlobalSection(SolutionProperties) = preSolution
		HideSolutionNode = FALSE
	EndGlobalSection
	GlobalSection(ExtensibilityGlobals) = postSolution
		SolutionGuid = {4C08DBF3-AB35-4837-ADC4-540DF6FC2368}
	EndGlobalSection
EndGlobal
