
Microsoft Visual Studio Solution File, Format Version 12.00
# Visual Studio Version 17
VisualStudioVersion = 17.8.34316.72
MinimumVisualStudioVersion = 10.0.40219.1
Project("{FAE04EC0-301F-11D3-BF4B-00C04F79EFBC}") = "BLACK JACK", "BLACK JACK\BLACK JACK.csproj", "{9DCE9C0A-F00C-4C8A-ABB8-5ADCC1C26019}"
EndProject
Global
	GlobalSection(SolutionConfigurationPlatforms) = preSolution
		Debug|Any CPU = Debug|Any CPU
		Release|Any CPU = Release|Any CPU
	EndGlobalSection
	GlobalSection(ProjectConfigurationPlatforms) = postSolution
		{9DCE9C0A-F00C-4C8A-ABB8-5ADCC1C26019}.Debug|Any CPU.ActiveCfg = Debug|Any CPU
		{9DCE9C0A-F00C-4C8A-ABB8-5ADCC1C26019}.Debug|Any CPU.Build.0 = Debug|Any CPU
		{9DCE9C0A-F00C-4C8A-ABB8-5ADCC1C26019}.Release|Any CPU.ActiveCfg = Release|Any CPU
		{9DCE9C0A-F00C-4C8A-ABB8-5ADCC1C26019}.Release|Any CPU.Build.0 = Release|Any CPU
	EndGlobalSection
	GlobalSection(SolutionProperties) = preSolution
		HideSolutionNode = FALSE
	EndGlobalSection
	GlobalSection(ExtensibilityGlobals) = postSolution
		SolutionGuid = {884891E8-BFA3-4E56-B9C6-C07433A3DFE4}
	EndGlobalSection
EndGlobal
