
Microsoft Visual Studio Solution File, Format Version 12.00
# Visual Studio Version 17
VisualStudioVersion = 17.8.34330.188
MinimumVisualStudioVersion = 10.0.40219.1
Project("{FAE04EC0-301F-11D3-BF4B-00C04F79EFBC}") = "Grafik Oluşturma-2", "Grafik Oluşturma-2\Grafik Oluşturma-2.csproj", "{32018FC4-DFEB-4AD9-9B61-3D1E0C04AF26}"
EndProject
Global
	GlobalSection(SolutionConfigurationPlatforms) = preSolution
		Debug|Any CPU = Debug|Any CPU
		Release|Any CPU = Release|Any CPU
	EndGlobalSection
	GlobalSection(ProjectConfigurationPlatforms) = postSolution
		{32018FC4-DFEB-4AD9-9B61-3D1E0C04AF26}.Debug|Any CPU.ActiveCfg = Debug|Any CPU
		{32018FC4-DFEB-4AD9-9B61-3D1E0C04AF26}.Debug|Any CPU.Build.0 = Debug|Any CPU
		{32018FC4-DFEB-4AD9-9B61-3D1E0C04AF26}.Release|Any CPU.ActiveCfg = Release|Any CPU
		{32018FC4-DFEB-4AD9-9B61-3D1E0C04AF26}.Release|Any CPU.Build.0 = Release|Any CPU
	EndGlobalSection
	GlobalSection(SolutionProperties) = preSolution
		HideSolutionNode = FALSE
	EndGlobalSection
	GlobalSection(ExtensibilityGlobals) = postSolution
		SolutionGuid = {9DCDDC8E-1A4C-4BC6-AECB-8242838AD9F2}
	EndGlobalSection
EndGlobal
