
Microsoft Visual Studio Solution File, Format Version 12.00
# Visual Studio Version 17
VisualStudioVersion = 17.8.34330.188
MinimumVisualStudioVersion = 10.0.40219.1
Project("{FAE04EC0-301F-11D3-BF4B-00C04F79EFBC}") = "İlişkili Tablolar(SQL)", "İlişkili Tablolar(SQL)\İlişkili Tablolar(SQL).csproj", "{67F1563E-2833-45FE-8C47-3B7DF2EE9005}"
EndProject
Global
	GlobalSection(SolutionConfigurationPlatforms) = preSolution
		Debug|Any CPU = Debug|Any CPU
		Release|Any CPU = Release|Any CPU
	EndGlobalSection
	GlobalSection(ProjectConfigurationPlatforms) = postSolution
		{67F1563E-2833-45FE-8C47-3B7DF2EE9005}.Debug|Any CPU.ActiveCfg = Debug|Any CPU
		{67F1563E-2833-45FE-8C47-3B7DF2EE9005}.Debug|Any CPU.Build.0 = Debug|Any CPU
		{67F1563E-2833-45FE-8C47-3B7DF2EE9005}.Release|Any CPU.ActiveCfg = Release|Any CPU
		{67F1563E-2833-45FE-8C47-3B7DF2EE9005}.Release|Any CPU.Build.0 = Release|Any CPU
	EndGlobalSection
	GlobalSection(SolutionProperties) = preSolution
		HideSolutionNode = FALSE
	EndGlobalSection
	GlobalSection(ExtensibilityGlobals) = postSolution
		SolutionGuid = {5D8ECEEE-8F1E-45DA-9EF5-145ACCE08A61}
	EndGlobalSection
EndGlobal
