
Microsoft Visual Studio Solution File, Format Version 12.00
# Visual Studio Version 17
VisualStudioVersion = 17.8.34316.72
MinimumVisualStudioVersion = 10.0.40219.1
Project("{FAE04EC0-301F-11D3-BF4B-00C04F79EFBC}") = "Data grid olayı-2", "Data grid olayı-2\Data grid olayı-2.csproj", "{1A0DC28F-88F4-416D-A4F3-80DBA30DD8C8}"
EndProject
Global
	GlobalSection(SolutionConfigurationPlatforms) = preSolution
		Debug|Any CPU = Debug|Any CPU
		Release|Any CPU = Release|Any CPU
	EndGlobalSection
	GlobalSection(ProjectConfigurationPlatforms) = postSolution
		{1A0DC28F-88F4-416D-A4F3-80DBA30DD8C8}.Debug|Any CPU.ActiveCfg = Debug|Any CPU
		{1A0DC28F-88F4-416D-A4F3-80DBA30DD8C8}.Debug|Any CPU.Build.0 = Debug|Any CPU
		{1A0DC28F-88F4-416D-A4F3-80DBA30DD8C8}.Release|Any CPU.ActiveCfg = Release|Any CPU
		{1A0DC28F-88F4-416D-A4F3-80DBA30DD8C8}.Release|Any CPU.Build.0 = Release|Any CPU
	EndGlobalSection
	GlobalSection(SolutionProperties) = preSolution
		HideSolutionNode = FALSE
	EndGlobalSection
	GlobalSection(ExtensibilityGlobals) = postSolution
		SolutionGuid = {2C717251-8C35-4A12-B2D3-C3215BFAE5DC}
	EndGlobalSection
EndGlobal
