
Microsoft Visual Studio Solution File, Format Version 12.00
# Visual Studio Version 17
VisualStudioVersion = 17.8.34316.72
MinimumVisualStudioVersion = 10.0.40219.1
Project("{FAE04EC0-301F-11D3-BF4B-00C04F79EFBC}") = "5-Zar Oyunu", "5-Zar Oyunu\5-Zar Oyunu.csproj", "{6A38FE61-C171-40AF-97D8-BF47B0D0984B}"
EndProject
Global
	GlobalSection(SolutionConfigurationPlatforms) = preSolution
		Debug|Any CPU = Debug|Any CPU
		Release|Any CPU = Release|Any CPU
	EndGlobalSection
	GlobalSection(ProjectConfigurationPlatforms) = postSolution
		{6A38FE61-C171-40AF-97D8-BF47B0D0984B}.Debug|Any CPU.ActiveCfg = Debug|Any CPU
		{6A38FE61-C171-40AF-97D8-BF47B0D0984B}.Debug|Any CPU.Build.0 = Debug|Any CPU
		{6A38FE61-C171-40AF-97D8-BF47B0D0984B}.Release|Any CPU.ActiveCfg = Release|Any CPU
		{6A38FE61-C171-40AF-97D8-BF47B0D0984B}.Release|Any CPU.Build.0 = Release|Any CPU
	EndGlobalSection
	GlobalSection(SolutionProperties) = preSolution
		HideSolutionNode = FALSE
	EndGlobalSection
	GlobalSection(ExtensibilityGlobals) = postSolution
		SolutionGuid = {5939FEAF-81BF-49EB-95A8-3EC32A42F1F4}
	EndGlobalSection
EndGlobal
