
Microsoft Visual Studio Solution File, Format Version 12.00
# Visual Studio Version 17
VisualStudioVersion = 17.8.34330.188
MinimumVisualStudioVersion = 10.0.40219.1
Project("{FAE04EC0-301F-11D3-BF4B-00C04F79EFBC}") = "Time Span(zaman farkı)", "Time Span(zaman farkı)\Time Span(zaman farkı).csproj", "{954C83F0-E41C-4710-98D1-8EEF23B108FA}"
EndProject
Global
	GlobalSection(SolutionConfigurationPlatforms) = preSolution
		Debug|Any CPU = Debug|Any CPU
		Release|Any CPU = Release|Any CPU
	EndGlobalSection
	GlobalSection(ProjectConfigurationPlatforms) = postSolution
		{954C83F0-E41C-4710-98D1-8EEF23B108FA}.Debug|Any CPU.ActiveCfg = Debug|Any CPU
		{954C83F0-E41C-4710-98D1-8EEF23B108FA}.Debug|Any CPU.Build.0 = Debug|Any CPU
		{954C83F0-E41C-4710-98D1-8EEF23B108FA}.Release|Any CPU.ActiveCfg = Release|Any CPU
		{954C83F0-E41C-4710-98D1-8EEF23B108FA}.Release|Any CPU.Build.0 = Release|Any CPU
	EndGlobalSection
	GlobalSection(SolutionProperties) = preSolution
		HideSolutionNode = FALSE
	EndGlobalSection
	GlobalSection(ExtensibilityGlobals) = postSolution
		SolutionGuid = {7C340586-8DE2-45FE-BE60-C1D3B3A11058}
	EndGlobalSection
EndGlobal
