
Microsoft Visual Studio Solution File, Format Version 12.00
# Visual Studio Version 17
VisualStudioVersion = 17.8.34511.84
MinimumVisualStudioVersion = 10.0.40219.1
Project("{FAE04EC0-301F-11D3-BF4B-00C04F79EFBC}") = "SOLID - Liskov Substitution Principle", "SOLID - Liskov Substitution Principle\SOLID - Liskov Substitution Principle.csproj", "{0261BA7A-3FFD-4C28-A011-3AF687E40025}"
EndProject
Global
	GlobalSection(SolutionConfigurationPlatforms) = preSolution
		Debug|Any CPU = Debug|Any CPU
		Release|Any CPU = Release|Any CPU
	EndGlobalSection
	GlobalSection(ProjectConfigurationPlatforms) = postSolution
		{0261BA7A-3FFD-4C28-A011-3AF687E40025}.Debug|Any CPU.ActiveCfg = Debug|Any CPU
		{0261BA7A-3FFD-4C28-A011-3AF687E40025}.Debug|Any CPU.Build.0 = Debug|Any CPU
		{0261BA7A-3FFD-4C28-A011-3AF687E40025}.Release|Any CPU.ActiveCfg = Release|Any CPU
		{0261BA7A-3FFD-4C28-A011-3AF687E40025}.Release|Any CPU.Build.0 = Release|Any CPU
	EndGlobalSection
	GlobalSection(SolutionProperties) = preSolution
		HideSolutionNode = FALSE
	EndGlobalSection
	GlobalSection(ExtensibilityGlobals) = postSolution
		SolutionGuid = {921D632E-41F3-4EE5-A3A1-C5BFB72EB357}
	EndGlobalSection
EndGlobal
