
Microsoft Visual Studio Solution File, Format Version 12.00
# Visual Studio Version 17
VisualStudioVersion = 17.7.34202.233
MinimumVisualStudioVersion = 10.0.40219.1
Project("{FAE04EC0-301F-11D3-BF4B-00C04F79EFBC}") = "Kronometre", "Kronometre\Kronometre.csproj", "{267F0889-6F7E-49AE-8103-E510FE34D866}"
EndProject
Global
	GlobalSection(SolutionConfigurationPlatforms) = preSolution
		Debug|Any CPU = Debug|Any CPU
		Release|Any CPU = Release|Any CPU
	EndGlobalSection
	GlobalSection(ProjectConfigurationPlatforms) = postSolution
		{267F0889-6F7E-49AE-8103-E510FE34D866}.Debug|Any CPU.ActiveCfg = Debug|Any CPU
		{267F0889-6F7E-49AE-8103-E510FE34D866}.Debug|Any CPU.Build.0 = Debug|Any CPU
		{267F0889-6F7E-49AE-8103-E510FE34D866}.Release|Any CPU.ActiveCfg = Release|Any CPU
		{267F0889-6F7E-49AE-8103-E510FE34D866}.Release|Any CPU.Build.0 = Release|Any CPU
	EndGlobalSection
	GlobalSection(SolutionProperties) = preSolution
		HideSolutionNode = FALSE
	EndGlobalSection
	GlobalSection(ExtensibilityGlobals) = postSolution
		SolutionGuid = {502BB337-961F-4591-99F4-37BDCB585BFE}
	EndGlobalSection
EndGlobal
