
Microsoft Visual Studio Solution File, Format Version 12.00
# Visual Studio Version 17
VisualStudioVersion = 17.8.34316.72
MinimumVisualStudioVersion = 10.0.40219.1
Project("{FAE04EC0-301F-11D3-BF4B-00C04F79EFBC}") = "Asansör", "Asansör\Asansör.csproj", "{B02DE4DE-4593-4B57-AACA-683074B08529}"
EndProject
Global
	GlobalSection(SolutionConfigurationPlatforms) = preSolution
		Debug|Any CPU = Debug|Any CPU
		Release|Any CPU = Release|Any CPU
	EndGlobalSection
	GlobalSection(ProjectConfigurationPlatforms) = postSolution
		{B02DE4DE-4593-4B57-AACA-683074B08529}.Debug|Any CPU.ActiveCfg = Debug|Any CPU
		{B02DE4DE-4593-4B57-AACA-683074B08529}.Debug|Any CPU.Build.0 = Debug|Any CPU
		{B02DE4DE-4593-4B57-AACA-683074B08529}.Release|Any CPU.ActiveCfg = Release|Any CPU
		{B02DE4DE-4593-4B57-AACA-683074B08529}.Release|Any CPU.Build.0 = Release|Any CPU
	EndGlobalSection
	GlobalSection(SolutionProperties) = preSolution
		HideSolutionNode = FALSE
	EndGlobalSection
	GlobalSection(ExtensibilityGlobals) = postSolution
		SolutionGuid = {CBA66725-B6D2-4CF0-9433-F2A753522C49}
	EndGlobalSection
EndGlobal
