
Microsoft Visual Studio Solution File, Format Version 12.00
# Visual Studio Version 17
VisualStudioVersion = 17.8.34330.188
MinimumVisualStudioVersion = 10.0.40219.1
Project("{FAE04EC0-301F-11D3-BF4B-00C04F79EFBC}") = "Chart(Grafiğe) Sqlden Veri Çekme", "Chart(Grafiğe) Sqlden Veri Çekme\Chart(Grafiğe) Sqlden Veri Çekme.csproj", "{7586373D-76B3-4FF4-B850-75C5286BDA89}"
EndProject
Global
	GlobalSection(SolutionConfigurationPlatforms) = preSolution
		Debug|Any CPU = Debug|Any CPU
		Release|Any CPU = Release|Any CPU
	EndGlobalSection
	GlobalSection(ProjectConfigurationPlatforms) = postSolution
		{7586373D-76B3-4FF4-B850-75C5286BDA89}.Debug|Any CPU.ActiveCfg = Debug|Any CPU
		{7586373D-76B3-4FF4-B850-75C5286BDA89}.Debug|Any CPU.Build.0 = Debug|Any CPU
		{7586373D-76B3-4FF4-B850-75C5286BDA89}.Release|Any CPU.ActiveCfg = Release|Any CPU
		{7586373D-76B3-4FF4-B850-75C5286BDA89}.Release|Any CPU.Build.0 = Release|Any CPU
	EndGlobalSection
	GlobalSection(SolutionProperties) = preSolution
		HideSolutionNode = FALSE
	EndGlobalSection
	GlobalSection(ExtensibilityGlobals) = postSolution
		SolutionGuid = {890017C8-0D42-46F4-98C1-539F72BE51DF}
	EndGlobalSection
EndGlobal
