
Microsoft Visual Studio Solution File, Format Version 12.00
# Visual Studio Version 17
VisualStudioVersion = 17.7.34202.233
MinimumVisualStudioVersion = 10.0.40219.1
Project("{FAE04EC0-301F-11D3-BF4B-00C04F79EFBC}") = "Döngü Olayı", "Döngü Olayı\Döngü Olayı.csproj", "{3AB450AB-FE18-4610-9CA5-0BD32EFC4E4B}"
EndProject
Global
	GlobalSection(SolutionConfigurationPlatforms) = preSolution
		Debug|Any CPU = Debug|Any CPU
		Release|Any CPU = Release|Any CPU
	EndGlobalSection
	GlobalSection(ProjectConfigurationPlatforms) = postSolution
		{3AB450AB-FE18-4610-9CA5-0BD32EFC4E4B}.Debug|Any CPU.ActiveCfg = Debug|Any CPU
		{3AB450AB-FE18-4610-9CA5-0BD32EFC4E4B}.Debug|Any CPU.Build.0 = Debug|Any CPU
		{3AB450AB-FE18-4610-9CA5-0BD32EFC4E4B}.Release|Any CPU.ActiveCfg = Release|Any CPU
		{3AB450AB-FE18-4610-9CA5-0BD32EFC4E4B}.Release|Any CPU.Build.0 = Release|Any CPU
	EndGlobalSection
	GlobalSection(SolutionProperties) = preSolution
		HideSolutionNode = FALSE
	EndGlobalSection
	GlobalSection(ExtensibilityGlobals) = postSolution
		SolutionGuid = {7FE29B0D-09C2-40DC-99F9-846BDD33933A}
	EndGlobalSection
EndGlobal
