
Microsoft Visual Studio Solution File, Format Version 12.00
# Visual Studio Version 17
VisualStudioVersion = 17.8.34330.188
MinimumVisualStudioVersion = 10.0.40219.1
Project("{FAE04EC0-301F-11D3-BF4B-00C04F79EFBC}") = "Dinamik araç oluşturma", "Dinamik araç oluşturma\Dinamik araç oluşturma.csproj", "{010DAB31-DA79-4B47-8F5F-57BB9E8CB0C1}"
EndProject
Global
	GlobalSection(SolutionConfigurationPlatforms) = preSolution
		Debug|Any CPU = Debug|Any CPU
		Release|Any CPU = Release|Any CPU
	EndGlobalSection
	GlobalSection(ProjectConfigurationPlatforms) = postSolution
		{010DAB31-DA79-4B47-8F5F-57BB9E8CB0C1}.Debug|Any CPU.ActiveCfg = Debug|Any CPU
		{010DAB31-DA79-4B47-8F5F-57BB9E8CB0C1}.Debug|Any CPU.Build.0 = Debug|Any CPU
		{010DAB31-DA79-4B47-8F5F-57BB9E8CB0C1}.Release|Any CPU.ActiveCfg = Release|Any CPU
		{010DAB31-DA79-4B47-8F5F-57BB9E8CB0C1}.Release|Any CPU.Build.0 = Release|Any CPU
	EndGlobalSection
	GlobalSection(SolutionProperties) = preSolution
		HideSolutionNode = FALSE
	EndGlobalSection
	GlobalSection(ExtensibilityGlobals) = postSolution
		SolutionGuid = {1689E813-9350-4AE5-A211-6D17780FF3C3}
	EndGlobalSection
EndGlobal
