
Microsoft Visual Studio Solution File, Format Version 12.00
# Visual Studio Version 17
VisualStudioVersion = 17.8.34330.188
MinimumVisualStudioVersion = 10.0.40219.1
Project("{FAE04EC0-301F-11D3-BF4B-00C04F79EFBC}") = "ContextMenuStrip Sağ tık işlemleri", "ContextMenuStrip Sağ tık işlemleri\ContextMenuStrip Sağ tık işlemleri.csproj", "{E24C5B54-BF39-4681-8296-28D7EA179418}"
EndProject
Global
	GlobalSection(SolutionConfigurationPlatforms) = preSolution
		Debug|Any CPU = Debug|Any CPU
		Release|Any CPU = Release|Any CPU
	EndGlobalSection
	GlobalSection(ProjectConfigurationPlatforms) = postSolution
		{E24C5B54-BF39-4681-8296-28D7EA179418}.Debug|Any CPU.ActiveCfg = Debug|Any CPU
		{E24C5B54-BF39-4681-8296-28D7EA179418}.Debug|Any CPU.Build.0 = Debug|Any CPU
		{E24C5B54-BF39-4681-8296-28D7EA179418}.Release|Any CPU.ActiveCfg = Release|Any CPU
		{E24C5B54-BF39-4681-8296-28D7EA179418}.Release|Any CPU.Build.0 = Release|Any CPU
	EndGlobalSection
	GlobalSection(SolutionProperties) = preSolution
		HideSolutionNode = FALSE
	EndGlobalSection
	GlobalSection(ExtensibilityGlobals) = postSolution
		SolutionGuid = {C3831F51-C965-4EB6-8A47-2CAA860B1769}
	EndGlobalSection
EndGlobal
