
Microsoft Visual Studio Solution File, Format Version 12.00
# Visual Studio Version 17
VisualStudioVersion = 17.8.34330.188
MinimumVisualStudioVersion = 10.0.40219.1
Project("{FAE04EC0-301F-11D3-BF4B-00C04F79EFBC}") = "Renk değiştirme", "Renk değiştirme\Renk değiştirme.csproj", "{A96CDAD7-8228-4A10-A2C4-CB5A3CDC245B}"
EndProject
Global
	GlobalSection(SolutionConfigurationPlatforms) = preSolution
		Debug|Any CPU = Debug|Any CPU
		Release|Any CPU = Release|Any CPU
	EndGlobalSection
	GlobalSection(ProjectConfigurationPlatforms) = postSolution
		{A96CDAD7-8228-4A10-A2C4-CB5A3CDC245B}.Debug|Any CPU.ActiveCfg = Debug|Any CPU
		{A96CDAD7-8228-4A10-A2C4-CB5A3CDC245B}.Debug|Any CPU.Build.0 = Debug|Any CPU
		{A96CDAD7-8228-4A10-A2C4-CB5A3CDC245B}.Release|Any CPU.ActiveCfg = Release|Any CPU
		{A96CDAD7-8228-4A10-A2C4-CB5A3CDC245B}.Release|Any CPU.Build.0 = Release|Any CPU
	EndGlobalSection
	GlobalSection(SolutionProperties) = preSolution
		HideSolutionNode = FALSE
	EndGlobalSection
	GlobalSection(ExtensibilityGlobals) = postSolution
		SolutionGuid = {ECDB158F-F72A-4124-B094-3350BED28FA9}
	EndGlobalSection
EndGlobal
