
Microsoft Visual Studio Solution File, Format Version 12.00
# Visual Studio Version 17
VisualStudioVersion = 17.8.34330.188
MinimumVisualStudioVersion = 10.0.40219.1
Project("{FAE04EC0-301F-11D3-BF4B-00C04F79EFBC}") = "SQL Tekrar Eden Verileri Engelleme", "SQL Tekrar Eden Verileri Engelleme\SQL Tekrar Eden Verileri Engelleme.csproj", "{3889F3AF-658C-47EB-B543-2D29ED831126}"
EndProject
Global
	GlobalSection(SolutionConfigurationPlatforms) = preSolution
		Debug|Any CPU = Debug|Any CPU
		Release|Any CPU = Release|Any CPU
	EndGlobalSection
	GlobalSection(ProjectConfigurationPlatforms) = postSolution
		{3889F3AF-658C-47EB-B543-2D29ED831126}.Debug|Any CPU.ActiveCfg = Debug|Any CPU
		{3889F3AF-658C-47EB-B543-2D29ED831126}.Debug|Any CPU.Build.0 = Debug|Any CPU
		{3889F3AF-658C-47EB-B543-2D29ED831126}.Release|Any CPU.ActiveCfg = Release|Any CPU
		{3889F3AF-658C-47EB-B543-2D29ED831126}.Release|Any CPU.Build.0 = Release|Any CPU
	EndGlobalSection
	GlobalSection(SolutionProperties) = preSolution
		HideSolutionNode = FALSE
	EndGlobalSection
	GlobalSection(ExtensibilityGlobals) = postSolution
		SolutionGuid = {18FC122A-585C-4BDC-850C-95250058E4B2}
	EndGlobalSection
EndGlobal
