
Microsoft Visual Studio Solution File, Format Version 12.00
# Visual Studio Version 17
VisualStudioVersion = 17.8.34316.72
MinimumVisualStudioVersion = 10.0.40219.1
Project("{FAE04EC0-301F-11D3-BF4B-00C04F79EFBC}") = "Data grid olayı", "Data grid olayı\Data grid olayı.csproj", "{2C171206-D385-4046-88E2-DCFA745B55C6}"
EndProject
Global
	GlobalSection(SolutionConfigurationPlatforms) = preSolution
		Debug|Any CPU = Debug|Any CPU
		Release|Any CPU = Release|Any CPU
	EndGlobalSection
	GlobalSection(ProjectConfigurationPlatforms) = postSolution
		{2C171206-D385-4046-88E2-DCFA745B55C6}.Debug|Any CPU.ActiveCfg = Debug|Any CPU
		{2C171206-D385-4046-88E2-DCFA745B55C6}.Debug|Any CPU.Build.0 = Debug|Any CPU
		{2C171206-D385-4046-88E2-DCFA745B55C6}.Release|Any CPU.ActiveCfg = Release|Any CPU
		{2C171206-D385-4046-88E2-DCFA745B55C6}.Release|Any CPU.Build.0 = Release|Any CPU
	EndGlobalSection
	GlobalSection(SolutionProperties) = preSolution
		HideSolutionNode = FALSE
	EndGlobalSection
	GlobalSection(ExtensibilityGlobals) = postSolution
		SolutionGuid = {601B0725-7114-4E00-9D89-14FA1F38614B}
	EndGlobalSection
EndGlobal
