
Microsoft Visual Studio Solution File, Format Version 12.00
# Visual Studio Version 17
VisualStudioVersion = 17.8.34330.188
MinimumVisualStudioVersion = 10.0.40219.1
Project("{FAE04EC0-301F-11D3-BF4B-00C04F79EFBC}") = "Chart(Grafik)", "Chart(Grafik)\Chart(Grafik).csproj", "{D4C916C3-1D34-44A5-9A92-C07E5F602CF5}"
EndProject
Global
	GlobalSection(SolutionConfigurationPlatforms) = preSolution
		Debug|Any CPU = Debug|Any CPU
		Release|Any CPU = Release|Any CPU
	EndGlobalSection
	GlobalSection(ProjectConfigurationPlatforms) = postSolution
		{D4C916C3-1D34-44A5-9A92-C07E5F602CF5}.Debug|Any CPU.ActiveCfg = Debug|Any CPU
		{D4C916C3-1D34-44A5-9A92-C07E5F602CF5}.Debug|Any CPU.Build.0 = Debug|Any CPU
		{D4C916C3-1D34-44A5-9A92-C07E5F602CF5}.Release|Any CPU.ActiveCfg = Release|Any CPU
		{D4C916C3-1D34-44A5-9A92-C07E5F602CF5}.Release|Any CPU.Build.0 = Release|Any CPU
	EndGlobalSection
	GlobalSection(SolutionProperties) = preSolution
		HideSolutionNode = FALSE
	EndGlobalSection
	GlobalSection(ExtensibilityGlobals) = postSolution
		SolutionGuid = {0EF9D4FB-F0CB-4782-AA9F-1F9C6ECF8DC2}
	EndGlobalSection
EndGlobal
