
Microsoft Visual Studio Solution File, Format Version 12.00
# Visual Studio Version 17
VisualStudioVersion = 17.8.34511.84
MinimumVisualStudioVersion = 10.0.40219.1
Project("{FAE04EC0-301F-11D3-BF4B-00C04F79EFBC}") = "Aforge Kütüphanesi İle Webcam Kontrolü", "Aforge Kütüphanesi İle Webcam Kontrolü\Aforge Kütüphanesi İle Webcam Kontrolü.csproj", "{552120C2-B56F-46B7-BA9F-0EBED64527A6}"
EndProject
Global
	GlobalSection(SolutionConfigurationPlatforms) = preSolution
		Debug|Any CPU = Debug|Any CPU
		Release|Any CPU = Release|Any CPU
	EndGlobalSection
	GlobalSection(ProjectConfigurationPlatforms) = postSolution
		{552120C2-B56F-46B7-BA9F-0EBED64527A6}.Debug|Any CPU.ActiveCfg = Debug|Any CPU
		{552120C2-B56F-46B7-BA9F-0EBED64527A6}.Debug|Any CPU.Build.0 = Debug|Any CPU
		{552120C2-B56F-46B7-BA9F-0EBED64527A6}.Release|Any CPU.ActiveCfg = Release|Any CPU
		{552120C2-B56F-46B7-BA9F-0EBED64527A6}.Release|Any CPU.Build.0 = Release|Any CPU
	EndGlobalSection
	GlobalSection(SolutionProperties) = preSolution
		HideSolutionNode = FALSE
	EndGlobalSection
	GlobalSection(ExtensibilityGlobals) = postSolution
		SolutionGuid = {49B45FD8-34DB-432B-9772-BA172B65CA49}
	EndGlobalSection
EndGlobal
